
Microsoft Visual Studio Solution File, Format Version 12.00
# Visual Studio Version 16
VisualStudioVersion = 16.0.30204.135
MinimumVisualStudioVersion = 10.0.40219.1
Project("{9A19103F-16F7-4668-BE54-9A1E7A4F7556}") = "TODOS.UI", "TODOS.UI\TODOS.UI.csproj", "{05DE4BF0-8FF9-46B8-BF9D-FC7CE35D44F0}"
EndProject
Project("{FAE04EC0-301F-11D3-BF4B-00C04F79EFBC}") = "TODOS.Tests", "TODOS.Tests\TODOS.Tests.csproj", "{2E253F15-DEF1-4853-84D3-91FAC3946B55}"
EndProject
Global
	GlobalSection(SolutionConfigurationPlatforms) = preSolution
		Debug|Any CPU = Debug|Any CPU
		Release|Any CPU = Release|Any CPU
	EndGlobalSection
	GlobalSection(ProjectConfigurationPlatforms) = postSolution
		{05DE4BF0-8FF9-46B8-BF9D-FC7CE35D44F0}.Debug|Any CPU.ActiveCfg = Debug|Any CPU
		{05DE4BF0-8FF9-46B8-BF9D-FC7CE35D44F0}.Debug|Any CPU.Build.0 = Debug|Any CPU
		{05DE4BF0-8FF9-46B8-BF9D-FC7CE35D44F0}.Release|Any CPU.ActiveCfg = Release|Any CPU
		{05DE4BF0-8FF9-46B8-BF9D-FC7CE35D44F0}.Release|Any CPU.Build.0 = Release|Any CPU
		{2E253F15-DEF1-4853-84D3-91FAC3946B55}.Debug|Any CPU.ActiveCfg = Debug|Any CPU
		{2E253F15-DEF1-4853-84D3-91FAC3946B55}.Debug|Any CPU.Build.0 = Debug|Any CPU
		{2E253F15-DEF1-4853-84D3-91FAC3946B55}.Release|Any CPU.ActiveCfg = Release|Any CPU
		{2E253F15-DEF1-4853-84D3-91FAC3946B55}.Release|Any CPU.Build.0 = Release|Any CPU
	EndGlobalSection
	GlobalSection(SolutionProperties) = preSolution
		HideSolutionNode = FALSE
	EndGlobalSection
	GlobalSection(ExtensibilityGlobals) = postSolution
		SolutionGuid = {608F40C5-48C9-4D54-A14C-DB719928C30F}
	EndGlobalSection
EndGlobal
